// !$*UTF8*$!
{
	archiveVersion = 1;
	classes = {
	};
	objectVersion = 51;
	objects = {

/* Begin PBXBuildFile section */
		046371D7233B678D00B2326C /* AppDelegate.swift in Sources */ = {isa = PBXBuildFile; fileRef = 046371D6233B678D00B2326C /* AppDelegate.swift */; };
		046371D9233B678D00B2326C /* SceneDelegate.swift in Sources */ = {isa = PBXBuildFile; fileRef = 046371D8233B678D00B2326C /* SceneDelegate.swift */; };
		046371DE233B678D00B2326C /* Main.storyboard in Resources */ = {isa = PBXBuildFile; fileRef = 046371DC233B678D00B2326C /* Main.storyboard */; };
		046371E0233B679400B2326C /* Assets.xcassets in Resources */ = {isa = PBXBuildFile; fileRef = 046371DF233B679400B2326C /* Assets.xcassets */; };
		046371E3233B679400B2326C /* LaunchScreen.storyboard in Resources */ = {isa = PBXBuildFile; fileRef = 046371E1233B679400B2326C /* LaunchScreen.storyboard */; };
		046371EC233B69B700B2326C /* TaskListViewViewController.swift in Sources */ = {isa = PBXBuildFile; fileRef = 046371EB233B69B700B2326C /* TaskListViewViewController.swift */; };
		046371EE233B769300B2326C /* AddTaskViewController.swift in Sources */ = {isa = PBXBuildFile; fileRef = 046371ED233B769300B2326C /* AddTaskViewController.swift */; };
		046371F1233B7D2F00B2326C /* Task.swift in Sources */ = {isa = PBXBuildFile; fileRef = 046371F0233B7D2F00B2326C /* Task.swift */; };
		A444C3687FA2E4BAFDA013A6 /* Pods_TodoListWithRxSwift.framework in Frameworks */ = {isa = PBXBuildFile; fileRef = A021FE288E393A204F06513E /* Pods_TodoListWithRxSwift.framework */; };
/* End PBXBuildFile section */

/* Begin PBXFileReference section */
		046371D3233B678D00B2326C /* TodoListWithRxSwift.app */ = {isa = PBXFileReference; explicitFileType = wrapper.application; includeInIndex = 0; path = TodoListWithRxSwift.app; sourceTree = BUILT_PRODUCTS_DIR; };
		046371D6233B678D00B2326C /* AppDelegate.swift */ = {isa = PBXFileReference; lastKnownFileType = sourcecode.swift; path = AppDelegate.swift; sourceTree = "<group>"; };
		046371D8233B678D00B2326C /* SceneDelegate.swift */ = {isa = PBXFileReference; lastKnownFileType = sourcecode.swift; path = SceneDelegate.swift; sourceTree = "<group>"; };
		046371DD233B678D00B2326C /* Base */ = {isa = PBXFileReference; lastKnownFileType = file.storyboard; name = Base; path = Base.lproj/Main.storyboard; sourceTree = "<group>"; };
		046371DF233B679400B2326C /* Assets.xcassets */ = {isa = PBXFileReference; lastKnownFileType = folder.assetcatalog; path = Assets.xcassets; sourceTree = "<group>"; };
		046371E2233B679400B2326C /* Base */ = {isa = PBXFileReference; lastKnownFileType = file.storyboard; name = Base; path = Base.lproj/LaunchScreen.storyboard; sourceTree = "<group>"; };
		046371E4233B679400B2326C /* Info.plist */ = {isa = PBXFileReference; lastKnownFileType = text.plist.xml; path = Info.plist; sourceTree = "<group>"; };
		046371EB233B69B700B2326C /* TaskListViewViewController.swift */ = {isa = PBXFileReference; lastKnownFileType = sourcecode.swift; path = TaskListViewViewController.swift; sourceTree = "<group>"; };
		046371ED233B769300B2326C /* AddTaskViewController.swift */ = {isa = PBXFileReference; lastKnownFileType = sourcecode.swift; path = AddTaskViewController.swift; sourceTree = "<group>"; };
		046371F0233B7D2F00B2326C /* Task.swift */ = {isa = PBXFileReference; lastKnownFileType = sourcecode.swift; path = Task.swift; sourceTree = "<group>"; };
		5E0762262F0376A6BCC9AAE1 /* Pods-TodoListWithRxSwift.debug.xcconfig */ = {isa = PBXFileReference; includeInIndex = 1; lastKnownFileType = text.xcconfig; name = "Pods-TodoListWithRxSwift.debug.xcconfig"; path = "Target Support Files/Pods-TodoListWithRxSwift/Pods-TodoListWithRxSwift.debug.xcconfig"; sourceTree = "<group>"; };
		A021FE288E393A204F06513E /* Pods_TodoListWithRxSwift.framework */ = {isa = PBXFileReference; explicitFileType = wrapper.framework; includeInIndex = 0; path = Pods_TodoListWithRxSwift.framework; sourceTree = BUILT_PRODUCTS_DIR; };
		B6975C33AC071E48157CF1CE /* Pods-TodoListWithRxSwift.release.xcconfig */ = {isa = PBXFileReference; includeInIndex = 1; lastKnownFileType = text.xcconfig; name = "Pods-TodoListWithRxSwift.release.xcconfig"; path = "Target Support Files/Pods-TodoListWithRxSwift/Pods-TodoListWithRxSwift.release.xcconfig"; sourceTree = "<group>"; };
/* End PBXFileReference section */

/* Begin PBXFrameworksBuildPhase section */
		046371D0233B678D00B2326C /* Frameworks */ = {
			isa = PBXFrameworksBuildPhase;
			buildActionMask = 2147483647;
			files = (
				A444C3687FA2E4BAFDA013A6 /* Pods_TodoListWithRxSwift.framework in Frameworks */,
			);
			runOnlyForDeploymentPostprocessing = 0;
		};
/* End PBXFrameworksBuildPhase section */

/* Begin PBXGroup section */
		046371CA233B678D00B2326C = {
			isa = PBXGroup;
			children = (
				046371D5233B678D00B2326C /* TodoListWithRxSwift */,
				046371D4233B678D00B2326C /* Products */,
				7059B49B754C15A193EC1C46 /* Pods */,
				793EB36230BDB1FBD497A5C6 /* Frameworks */,
			);
			sourceTree = "<group>";
		};
		046371D4233B678D00B2326C /* Products */ = {
			isa = PBXGroup;
			children = (
				046371D3233B678D00B2326C /* TodoListWithRxSwift.app */,
			);
			name = Products;
			sourceTree = "<group>";
		};
		046371D5233B678D00B2326C /* TodoListWithRxSwift */ = {
			isa = PBXGroup;
			children = (
				046371EF233B7D1C00B2326C /* Model */,
				046371EA233B698600B2326C /* Controllers */,
				046371D6233B678D00B2326C /* AppDelegate.swift */,
				046371D8233B678D00B2326C /* SceneDelegate.swift */,
				046371DC233B678D00B2326C /* Main.storyboard */,
				046371DF233B679400B2326C /* Assets.xcassets */,
				046371E1233B679400B2326C /* LaunchScreen.storyboard */,
				046371E4233B679400B2326C /* Info.plist */,
			);
			path = TodoListWithRxSwift;
			sourceTree = "<group>";
		};
		046371EA233B698600B2326C /* Controllers */ = {
			isa = PBXGroup;
			children = (
				046371EB233B69B700B2326C /* TaskListViewViewController.swift */,
				046371ED233B769300B2326C /* AddTaskViewController.swift */,
			);
			path = Controllers;
			sourceTree = "<group>";
		};
		046371EF233B7D1C00B2326C /* Model */ = {
			isa = PBXGroup;
			children = (
				046371F0233B7D2F00B2326C /* Task.swift */,
			);
			path = Model;
			sourceTree = "<group>";
		};
		7059B49B754C15A193EC1C46 /* Pods */ = {
			isa = PBXGroup;
			children = (
				5E0762262F0376A6BCC9AAE1 /* Pods-TodoListWithRxSwift.debug.xcconfig */,
				B6975C33AC071E48157CF1CE /* Pods-TodoListWithRxSwift.release.xcconfig */,
			);
			path = Pods;
			sourceTree = "<group>";
		};
		793EB36230BDB1FBD497A5C6 /* Frameworks */ = {
			isa = PBXGroup;
			children = (
				A021FE288E393A204F06513E /* Pods_TodoListWithRxSwift.framework */,
			);
			name = Frameworks;
			sourceTree = "<group>";
		};
/* End PBXGroup section */

/* Begin PBXNativeTarget section */
		046371D2233B678D00B2326C /* TodoListWithRxSwift */ = {
			isa = PBXNativeTarget;
			buildConfigurationList = 046371E7233B679400B2326C /* Build configuration list for PBXNativeTarget "TodoListWithRxSwift" */;
			buildPhases = (
				BE570E1F739EE345E1816ED5 /* [CP] Check Pods Manifest.lock */,
				046371CF233B678D00B2326C /* Sources */,
				046371D0233B678D00B2326C /* Frameworks */,
				046371D1233B678D00B2326C /* Resources */,
				41B5CB99B3A1A5AE7520EC95 /* [CP] Embed Pods Frameworks */,
			);
			buildRules = (
			);
			dependencies = (
			);
			name = TodoListWithRxSwift;
			productName = TodoListWithRxSwift;
			productReference = 046371D3233B678D00B2326C /* TodoListWithRxSwift.app */;
			productType = "com.apple.product-type.application";
		};
/* End PBXNativeTarget section */

/* Begin PBXProject section */
		046371CB233B678D00B2326C /* Project object */ = {
			isa = PBXProject;
			attributes = {
				LastSwiftUpdateCheck = 1100;
				LastUpgradeCheck = 1100;
				ORGANIZATIONNAME = Mac;
				TargetAttributes = {
					046371D2233B678D00B2326C = {
						CreatedOnToolsVersion = 11.0;
					};
				};
			};
			buildConfigurationList = 046371CE233B678D00B2326C /* Build configuration list for PBXProject "TodoListWithRxSwift" */;
			compatibilityVersion = "Xcode 9.3";
			developmentRegion = en;
			hasScannedForEncodings = 0;
			knownRegions = (
				en,
				Base,
			);
			mainGroup = 046371CA233B678D00B2326C;
			productRefGroup = 046371D4233B678D00B2326C /* Products */;
			projectDirPath = "";
			projectRoot = "";
			targets = (
				046371D2233B678D00B2326C /* TodoListWithRxSwift */,
			);
		};
/* End PBXProject section */

/* Begin PBXResourcesBuildPhase section */
		046371D1233B678D00B2326C /* Resources */ = {
			isa = PBXResourcesBuildPhase;
			buildActionMask = 2147483647;
			files = (
				046371E3233B679400B2326C /* LaunchScreen.storyboard in Resources */,
				046371E0233B679400B2326C /* Assets.xcassets in Resources */,
				046371DE233B678D00B2326C /* Main.storyboard in Resources */,
			);
			runOnlyForDeploymentPostprocessing = 0;
		};
/* End PBXResourcesBuildPhase section */

/* Begin PBXShellScriptBuildPhase section */
		41B5CB99B3A1A5AE7520EC95 /* [CP] Embed Pods Frameworks */ = {
			isa = PBXShellScriptBuildPhase;
			buildActionMask = 2147483647;
			files = (
			);
			inputFileListPaths = (
				"${PODS_ROOT}/Target Support Files/Pods-TodoListWithRxSwift/Pods-TodoListWithRxSwift-frameworks-${CONFIGURATION}-input-files.xcfilelist",
			);
			name = "[CP] Embed Pods Frameworks";
			outputFileListPaths = (
				"${PODS_ROOT}/Target Support Files/Pods-TodoListWithRxSwift/Pods-TodoListWithRxSwift-frameworks-${CONFIGURATION}-output-files.xcfilelist",
			);
			runOnlyForDeploymentPostprocessing = 0;
			shellPath = /bin/sh;
			shellScript = "\"${PODS_ROOT}/Target Support Files/Pods-TodoListWithRxSwift/Pods-TodoListWithRxSwift-frameworks.sh\"\n";
			showEnvVarsInLog = 0;
		};
		BE570E1F739EE345E1816ED5 /* [CP] Check Pods Manifest.lock */ = {
			isa = PBXShellScriptBuildPhase;
			buildActionMask = 2147483647;
			files = (
			);
			inputFileListPaths = (
			);
			inputPaths = (
				"${PODS_PODFILE_DIR_PATH}/Podfile.lock",
				"${PODS_ROOT}/Manifest.lock",
			);
			name = "[CP] Check Pods Manifest.lock";
			outputFileListPaths = (
			);
			outputPaths = (
				"$(DERIVED_FILE_DIR)/Pods-TodoListWithRxSwift-checkManifestLockResult.txt",
			);
			runOnlyForDeploymentPostprocessing = 0;
			shellPath = /bin/sh;
			shellScript = "diff \"${PODS_PODFILE_DIR_PATH}/Podfile.lock\" \"${PODS_ROOT}/Manifest.lock\" > /dev/null\nif [ $? != 0 ] ; then\n    # print error to STDERR\n    echo \"error: The sandbox is not in sync with the Podfile.lock. Run 'pod install' or update your CocoaPods installation.\" >&2\n    exit 1\nfi\n# This output is used by Xcode 'outputs' to avoid re-running this script phase.\necho \"SUCCESS\" > \"${SCRIPT_OUTPUT_FILE_0}\"\n";
			showEnvVarsInLog = 0;
		};
/* End PBXShellScriptBuildPhase section */

/* Begin PBXSourcesBuildPhase section */
		046371CF233B678D00B2326C /* Sources */ = {
			isa = PBXSourcesBuildPhase;
			buildActionMask = 2147483647;
			files = (
				046371D7233B678D00B2326C /* AppDelegate.swift in Sources */,
				046371F1233B7D2F00B2326C /* Task.swift in Sources */,
				046371EE233B769300B2326C /* AddTaskViewController.swift in Sources */,
				046371EC233B69B700B2326C /* TaskListViewViewController.swift in Sources */,
				046371D9233B678D00B2326C /* SceneDelegate.swift in Sources */,
			);
			runOnlyForDeploymentPostprocessing = 0;
		};
/* End PBXSourcesBuildPhase section */

/* Begin PBXVariantGroup section */
		046371DC233B678D00B2326C /* Main.storyboard */ = {
			isa = PBXVariantGroup;
			children = (
				046371DD233B678D00B2326C /* Base */,
			);
			name = Main.storyboard;
			sourceTree = "<group>";
		};
		046371E1233B679400B2326C /* LaunchScreen.storyboard */ = {
			isa = PBXVariantGroup;
			children = (
				046371E2233B679400B2326C /* Base */,
			);
			name = LaunchScreen.storyboard;
			sourceTree = "<group>";
		};
/* End PBXVariantGroup section */

/* Begin XCBuildConfiguration section */
		046371E5233B679400B2326C /* Debug */ = {
			isa = XCBuildConfiguration;
			buildSettings = {
				ALWAYS_SEARCH_USER_PATHS = NO;
				CLANG_ANALYZER_NONNULL = YES;
				CLANG_ANALYZER_NUMBER_OBJECT_CONVERSION = YES_AGGRESSIVE;
				CLANG_CXX_LANGUAGE_STANDARD = "gnu++14";
				CLANG_CXX_LIBRARY = "libc++";
				CLANG_ENABLE_MODULES = YES;
				CLANG_ENABLE_OBJC_ARC = YES;
				CLANG_ENABLE_OBJC_WEAK = YES;
				CLANG_WARN_BLOCK_CAPTURE_AUTORELEASING = YES;
				CLANG_WARN_BOOL_CONVERSION = YES;
				CLANG_WARN_COMMA = YES;
				CLANG_WARN_CONSTANT_CONVERSION = YES;
				CLANG_WARN_DEPRECATED_OBJC_IMPLEMENTATIONS = YES;
				CLANG_WARN_DIRECT_OBJC_ISA_USAGE = YES_ERROR;
				CLANG_WARN_DOCUMENTATION_COMMENTS = YES;
				CLANG_WARN_EMPTY_BODY = YES;
				CLANG_WARN_ENUM_CONVERSION = YES;
				CLANG_WARN_INFINITE_RECURSION = YES;
				CLANG_WARN_INT_CONVERSION = YES;
				CLANG_WARN_NON_LITERAL_NULL_CONVERSION = YES;
				CLANG_WARN_OBJC_IMPLICIT_RETAIN_SELF = YES;
				CLANG_WARN_OBJC_LITERAL_CONVERSION = YES;
				CLANG_WARN_OBJC_ROOT_CLASS = YES_ERROR;
				CLANG_WARN_RANGE_LOOP_ANALYSIS = YES;
				CLANG_WARN_STRICT_PROTOTYPES = YES;
				CLANG_WARN_SUSPICIOUS_MOVE = YES;
				CLANG_WARN_UNGUARDED_AVAILABILITY = YES_AGGRESSIVE;
				CLANG_WARN_UNREACHABLE_CODE = YES;
				CLANG_WARN__DUPLICATE_METHOD_MATCH = YES;
				COPY_PHASE_STRIP = NO;
				DEBUG_INFORMATION_FORMAT = dwarf;
				ENABLE_STRICT_OBJC_MSGSEND = YES;
				ENABLE_TESTABILITY = YES;
				GCC_C_LANGUAGE_STANDARD = gnu11;
				GCC_DYNAMIC_NO_PIC = NO;
				GCC_NO_COMMON_BLOCKS = YES;
				GCC_OPTIMIZATION_LEVEL = 0;
				GCC_PREPROCESSOR_DEFINITIONS = (
					"DEBUG=1",
					"$(inherited)",
				);
				GCC_WARN_64_TO_32_BIT_CONVERSION = YES;
				GCC_WARN_ABOUT_RETURN_TYPE = YES_ERROR;
				GCC_WARN_UNDECLARED_SELECTOR = YES;
				GCC_WARN_UNINITIALIZED_AUTOS = YES_AGGRESSIVE;
				GCC_WARN_UNUSED_FUNCTION = YES;
				GCC_WARN_UNUSED_VARIABLE = YES;
				IPHONEOS_DEPLOYMENT_TARGET = 13.0;
				MTL_ENABLE_DEBUG_INFO = INCLUDE_SOURCE;
				MTL_FAST_MATH = YES;
				ONLY_ACTIVE_ARCH = YES;
				SDKROOT = iphoneos;
				SWIFT_ACTIVE_COMPILATION_CONDITIONS = DEBUG;
				SWIFT_OPTIMIZATION_LEVEL = "-Onone";
			};
			name = Debug;
		};
		046371E6233B679400B2326C /* Release */ = {
			isa = XCBuildConfiguration;
			buildSettings = {
				ALWAYS_SEARCH_USER_PATHS = NO;
				CLANG_ANALYZER_NONNULL = YES;
				CLANG_ANALYZER_NUMBER_OBJECT_CONVERSION = YES_AGGRESSIVE;
				CLANG_CXX_LANGUAGE_STANDARD = "gnu++14";
				CLANG_CXX_LIBRARY = "libc++";
				CLANG_ENABLE_MODULES = YES;
				CLANG_ENABLE_OBJC_ARC = YES;
				CLANG_ENABLE_OBJC_WEAK = YES;
				CLANG_WARN_BLOCK_CAPTURE_AUTORELEASING = YES;
				CLANG_WARN_BOOL_CONVERSION = YES;
				CLANG_WARN_COMMA = YES;
				CLANG_WARN_CONSTANT_CONVERSION = YES;
				CLANG_WARN_DEPRECATED_OBJC_IMPLEMENTATIONS = YES;
				CLANG_WARN_DIRECT_OBJC_ISA_USAGE = YES_ERROR;
				CLANG_WARN_DOCUMENTATION_COMMENTS = YES;
				CLANG_WARN_EMPTY_BODY = YES;
				CLANG_WARN_ENUM_CONVERSION = YES;
				CLANG_WARN_INFINITE_RECURSION = YES;
				CLANG_WARN_INT_CONVERSION = YES;
				CLANG_WARN_NON_LITERAL_NULL_CONVERSION = YES;
				CLANG_WARN_OBJC_IMPLICIT_RETAIN_SELF = YES;
				CLANG_WARN_OBJC_LITERAL_CONVERSION = YES;
				CLANG_WARN_OBJC_ROOT_CLASS = YES_ERROR;
				CLANG_WARN_RANGE_LOOP_ANALYSIS = YES;
				CLANG_WARN_STRICT_PROTOTYPES = YES;
				CLANG_WARN_SUSPICIOUS_MOVE = YES;
				CLANG_WARN_UNGUARDED_AVAILABILITY = YES_AGGRESSIVE;
				CLANG_WARN_UNREACHABLE_CODE = YES;
				CLANG_WARN__DUPLICATE_METHOD_MATCH = YES;
				COPY_PHASE_STRIP = NO;
				DEBUG_INFORMATION_FORMAT = "dwarf-with-dsym";
				ENABLE_NS_ASSERTIONS = NO;
				ENABLE_STRICT_OBJC_MSGSEND = YES;
				GCC_C_LANGUAGE_STANDARD = gnu11;
				GCC_NO_COMMON_BLOCKS = YES;
				GCC_WARN_64_TO_32_BIT_CONVERSION = YES;
				GCC_WARN_ABOUT_RETURN_TYPE = YES_ERROR;
				GCC_WARN_UNDECLARED_SELECTOR = YES;
				GCC_WARN_UNINITIALIZED_AUTOS = YES_AGGRESSIVE;
				GCC_WARN_UNUSED_FUNCTION = YES;
				GCC_WARN_UNUSED_VARIABLE = YES;
				IPHONEOS_DEPLOYMENT_TARGET = 13.0;
				MTL_ENABLE_DEBUG_INFO = NO;
				MTL_FAST_MATH = YES;
				SDKROOT = iphoneos;
				SWIFT_COMPILATION_MODE = wholemodule;
				SWIFT_OPTIMIZATION_LEVEL = "-O";
				VALIDATE_PRODUCT = YES;
			};
			name = Release;
		};
		046371E8233B679400B2326C /* Debug */ = {
			isa = XCBuildConfiguration;
			baseConfigurationReference = 5E0762262F0376A6BCC9AAE1 /* Pods-TodoListWithRxSwift.debug.xcconfig */;
			buildSettings = {
				ASSETCATALOG_COMPILER_APPICON_NAME = AppIcon;
				CODE_SIGN_STYLE = Automatic;
				DEVELOPMENT_TEAM = V8ZG3WLBMM;
				INFOPLIST_FILE = TodoListWithRxSwift/Info.plist;
				LD_RUNPATH_SEARCH_PATHS = (
					"$(inherited)",
					"@executable_path/Frameworks",
				);
				PRODUCT_BUNDLE_IDENTIFIER = org.kruchovskakr.TodoListWithRxSwift;
				PRODUCT_NAME = "$(TARGET_NAME)";
				SWIFT_VERSION = 5.0;
				TARGETED_DEVICE_FAMILY = "1,2";
			};
			name = Debug;
		};
		046371E9233B679400B2326C /* Release */ = {
			isa = XCBuildConfiguration;
			baseConfigurationReference = B6975C33AC071E48157CF1CE /* Pods-TodoListWithRxSwift.release.xcconfig */;
			buildSettings = {
				ASSETCATALOG_COMPILER_APPICON_NAME = AppIcon;
				CODE_SIGN_STYLE = Automatic;
				DEVELOPMENT_TEAM = V8ZG3WLBMM;
				INFOPLIST_FILE = TodoListWithRxSwift/Info.plist;
				LD_RUNPATH_SEARCH_PATHS = (
					"$(inherited)",
					"@executable_path/Frameworks",
				);
				PRODUCT_BUNDLE_IDENTIFIER = org.kruchovskakr.TodoListWithRxSwift;
				PRODUCT_NAME = "$(TARGET_NAME)";
				SWIFT_VERSION = 5.0;
				TARGETED_DEVICE_FAMILY = "1,2";
			};
			name = Release;
		};
/* End XCBuildConfiguration section */

/* Begin XCConfigurationList section */
		046371CE233B678D00B2326C /* Build configuration list for PBXProject "TodoListWithRxSwift" */ = {
			isa = XCConfigurationList;
			buildConfigurations = (
				046371E5233B679400B2326C /* Debug */,
				046371E6233B679400B2326C /* Release */,
			);
			defaultConfigurationIsVisible = 0;
			defaultConfigurationName = Release;
		};
		046371E7233B679400B2326C /* Build configuration list for PBXNativeTarget "TodoListWithRxSwift" */ = {
			isa = XCConfigurationList;
			buildConfigurations = (
				046371E8233B679400B2326C /* Debug */,
				046371E9233B679400B2326C /* Release */,
			);
			defaultConfigurationIsVisible = 0;
			defaultConfigurationName = Release;
		};
/* End XCConfigurationList section */
	};
	rootObject = 046371CB233B678D00B2326C /* Project object */;
}
